
Microsoft Visual Studio Solution File, Format Version 12.00
# Visual Studio Version 16
VisualStudioVersion = 16.0.29001.49
MinimumVisualStudioVersion = 10.0.40219.1
Project("{2150E333-8FDC-42A3-9474-1A3956D46DE8}") = ".nuget", ".nuget", "{3DAE303A-5601-414F-A95D-4F59D6B2AD16}"
EndProject
Project("{FAE04EC0-301F-11D3-BF4B-00C04F79EFBC}") = "DB", "DB\DB.csproj", "{BB2DAA86-DCDD-4527-B8A6-F7D5732AD944}"
EndProject
Project("{FAE04EC0-301F-11D3-BF4B-00C04F79EFBC}") = "Test", "Nullaby\Test\Test.csproj", "{8319B555-6CF9-4F2C-822C-F8E60506F0ED}"
EndProject
Global
	GlobalSection(SolutionConfigurationPlatforms) = preSolution
		Debug|Any CPU = Debug|Any CPU
		Release|Any CPU = Release|Any CPU
	EndGlobalSection
	GlobalSection(ProjectConfigurationPlatforms) = postSolution
		{BB2DAA86-DCDD-4527-B8A6-F7D5732AD944}.Debug|Any CPU.ActiveCfg = Debug|Any CPU
		{BB2DAA86-DCDD-4527-B8A6-F7D5732AD944}.Debug|Any CPU.Build.0 = Debug|Any CPU
		{BB2DAA86-DCDD-4527-B8A6-F7D5732AD944}.Release|Any CPU.ActiveCfg = Release|Any CPU
		{BB2DAA86-DCDD-4527-B8A6-F7D5732AD944}.Release|Any CPU.Build.0 = Release|Any CPU
		{8319B555-6CF9-4F2C-822C-F8E60506F0ED}.Debug|Any CPU.ActiveCfg = Debug|Any CPU
		{8319B555-6CF9-4F2C-822C-F8E60506F0ED}.Debug|Any CPU.Build.0 = Debug|Any CPU
		{8319B555-6CF9-4F2C-822C-F8E60506F0ED}.Release|Any CPU.ActiveCfg = Release|Any CPU
		{8319B555-6CF9-4F2C-822C-F8E60506F0ED}.Release|Any CPU.Build.0 = Release|Any CPU
	EndGlobalSection
	GlobalSection(SolutionProperties) = preSolution
		HideSolutionNode = FALSE
	EndGlobalSection
	GlobalSection(NestedProjects) = preSolution
		{BB2DAA86-DCDD-4527-B8A6-F7D5732AD944} = {3DAE303A-5601-414F-A95D-4F59D6B2AD16}
		{8319B555-6CF9-4F2C-822C-F8E60506F0ED} = {3DAE303A-5601-414F-A95D-4F59D6B2AD16}
	EndGlobalSection
	GlobalSection(ExtensibilityGlobals) = postSolution
		SolutionGuid = {A2AA6490-DEFB-4E6B-8B13-33130AE688BC}
	EndGlobalSection
EndGlobal
